// !$*UTF8*$!
{
	archiveVersion = 1;
	classes = {
	};
	objectVersion = 50;
	objects = {

/* Begin PBXBuildFile section */
		84C0936B243D67790063DF73 /* AppDelegate.swift in Sources */ = {isa = PBXBuildFile; fileRef = 84C0936A243D67790063DF73 /* AppDelegate.swift */; };
		84C0936D243D67790063DF73 /* SceneDelegate.swift in Sources */ = {isa = PBXBuildFile; fileRef = 84C0936C243D67790063DF73 /* SceneDelegate.swift */; };
		84C0936F243D67790063DF73 /* ViewController.swift in Sources */ = {isa = PBXBuildFile; fileRef = 84C0936E243D67790063DF73 /* ViewController.swift */; };
		84C09374243D677A0063DF73 /* Assets.xcassets in Resources */ = {isa = PBXBuildFile; fileRef = 84C09373243D677A0063DF73 /* Assets.xcassets */; };
		84C09377243D677A0063DF73 /* LaunchScreen.storyboard in Resources */ = {isa = PBXBuildFile; fileRef = 84C09375243D677A0063DF73 /* LaunchScreen.storyboard */; };
		84C09380243E93CB0063DF73 /* ViewControllerScreen.swift in Sources */ = {isa = PBXBuildFile; fileRef = 84C0937F243E93CB0063DF73 /* ViewControllerScreen.swift */; };
		84C09382243E98FD0063DF73 /* CodeView.swift in Sources */ = {isa = PBXBuildFile; fileRef = 84C09381243E98FD0063DF73 /* CodeView.swift */; };
/* End PBXBuildFile section */

/* Begin PBXFileReference section */
		84C09367243D67790063DF73 /* ViewCode-Sample.app */ = {isa = PBXFileReference; explicitFileType = wrapper.application; includeInIndex = 0; path = "ViewCode-Sample.app"; sourceTree = BUILT_PRODUCTS_DIR; };
		84C0936A243D67790063DF73 /* AppDelegate.swift */ = {isa = PBXFileReference; lastKnownFileType = sourcecode.swift; path = AppDelegate.swift; sourceTree = "<group>"; };
		84C0936C243D67790063DF73 /* SceneDelegate.swift */ = {isa = PBXFileReference; lastKnownFileType = sourcecode.swift; path = SceneDelegate.swift; sourceTree = "<group>"; };
		84C0936E243D67790063DF73 /* ViewController.swift */ = {isa = PBXFileReference; lastKnownFileType = sourcecode.swift; path = ViewController.swift; sourceTree = "<group>"; };
		84C09373243D677A0063DF73 /* Assets.xcassets */ = {isa = PBXFileReference; lastKnownFileType = folder.assetcatalog; path = Assets.xcassets; sourceTree = "<group>"; };
		84C09376243D677A0063DF73 /* Base */ = {isa = PBXFileReference; lastKnownFileType = file.storyboard; name = Base; path = Base.lproj/LaunchScreen.storyboard; sourceTree = "<group>"; };
		84C09378243D677A0063DF73 /* Info.plist */ = {isa = PBXFileReference; lastKnownFileType = text.plist.xml; path = Info.plist; sourceTree = "<group>"; };
		84C0937F243E93CB0063DF73 /* ViewControllerScreen.swift */ = {isa = PBXFileReference; lastKnownFileType = sourcecode.swift; path = ViewControllerScreen.swift; sourceTree = "<group>"; };
		84C09381243E98FD0063DF73 /* CodeView.swift */ = {isa = PBXFileReference; lastKnownFileType = sourcecode.swift; path = CodeView.swift; sourceTree = "<group>"; };
/* End PBXFileReference section */

/* Begin PBXFrameworksBuildPhase section */
		84C09364243D67790063DF73 /* Frameworks */ = {
			isa = PBXFrameworksBuildPhase;
			buildActionMask = 2147483647;
			files = (
			);
			runOnlyForDeploymentPostprocessing = 0;
		};
/* End PBXFrameworksBuildPhase section */

/* Begin PBXGroup section */
		84C0935E243D67790063DF73 = {
			isa = PBXGroup;
			children = (
				84C09369243D67790063DF73 /* ViewCode-Sample */,
				84C09368243D67790063DF73 /* Products */,
			);
			sourceTree = "<group>";
		};
		84C09368243D67790063DF73 /* Products */ = {
			isa = PBXGroup;
			children = (
				84C09367243D67790063DF73 /* ViewCode-Sample.app */,
			);
			name = Products;
			sourceTree = "<group>";
		};
		84C09369243D67790063DF73 /* ViewCode-Sample */ = {
			isa = PBXGroup;
			children = (
				84C0936A243D67790063DF73 /* AppDelegate.swift */,
				84C0936C243D67790063DF73 /* SceneDelegate.swift */,
				84C0936E243D67790063DF73 /* ViewController.swift */,
				84C09373243D677A0063DF73 /* Assets.xcassets */,
				84C09375243D677A0063DF73 /* LaunchScreen.storyboard */,
				84C09378243D677A0063DF73 /* Info.plist */,
				84C0937F243E93CB0063DF73 /* ViewControllerScreen.swift */,
				84C09381243E98FD0063DF73 /* CodeView.swift */,
			);
			path = "ViewCode-Sample";
			sourceTree = "<group>";
		};
/* End PBXGroup section */

/* Begin PBXNativeTarget section */
		84C09366243D67790063DF73 /* ViewCode-Sample */ = {
			isa = PBXNativeTarget;
			buildConfigurationList = 84C0937B243D677A0063DF73 /* Build configuration list for PBXNativeTarget "ViewCode-Sample" */;
			buildPhases = (
				84C09363243D67790063DF73 /* Sources */,
				84C09364243D67790063DF73 /* Frameworks */,
				84C09365243D67790063DF73 /* Resources */,
			);
			buildRules = (
			);
			dependencies = (
			);
			name = "ViewCode-Sample";
			productName = "ViewCode-Sample";
			productReference = 84C09367243D67790063DF73 /* ViewCode-Sample.app */;
			productType = "com.apple.product-type.application";
		};
/* End PBXNativeTarget section */

/* Begin PBXProject section */
		84C0935F243D67790063DF73 /* Project object */ = {
			isa = PBXProject;
			attributes = {
				LastSwiftUpdateCheck = 1140;
				LastUpgradeCheck = 1140;
				ORGANIZATIONNAME = "Victor Oka";
				TargetAttributes = {
					84C09366243D67790063DF73 = {
						CreatedOnToolsVersion = 11.4;
					};
				};
			};
			buildConfigurationList = 84C09362243D67790063DF73 /* Build configuration list for PBXProject "ViewCode-Sample" */;
			compatibilityVersion = "Xcode 9.3";
			developmentRegion = en;
			hasScannedForEncodings = 0;
			knownRegions = (
				en,
				Base,
			);
			mainGroup = 84C0935E243D67790063DF73;
			productRefGroup = 84C09368243D67790063DF73 /* Products */;
			projectDirPath = "";
			projectRoot = "";
			targets = (
				84C09366243D67790063DF73 /* ViewCode-Sample */,
			);
		};
/* End PBXProject section */

/* Begin PBXResourcesBuildPhase section */
		84C09365243D67790063DF73 /* Resources */ = {
			isa = PBXResourcesBuildPhase;
			buildActionMask = 2147483647;
			files = (
				84C09377243D677A0063DF73 /* LaunchScreen.storyboard in Resources */,
				84C09374243D677A0063DF73 /* Assets.xcassets in Resources */,
			);
			runOnlyForDeploymentPostprocessing = 0;
		};
/* End PBXResourcesBuildPhase section */

/* Begin PBXSourcesBuildPhase section */
		84C09363243D67790063DF73 /* Sources */ = {
			isa = PBXSourcesBuildPhase;
			buildActionMask = 2147483647;
			files = (
				84C09380243E93CB0063DF73 /* ViewControllerScreen.swift in Sources */,
				84C0936F243D67790063DF73 /* ViewController.swift in Sources */,
				84C0936B243D67790063DF73 /* AppDelegate.swift in Sources */,
				84C09382243E98FD0063DF73 /* CodeView.swift in Sources */,
				84C0936D243D67790063DF73 /* SceneDelegate.swift in Sources */,
			);
			runOnlyForDeploymentPostprocessing = 0;
		};
/* End PBXSourcesBuildPhase section */

/* Begin PBXVariantGroup section */
		84C09375243D677A0063DF73 /* LaunchScreen.storyboard */ = {
			isa = PBXVariantGroup;
			children = (
				84C09376243D677A0063DF73 /* Base */,
			);
			name = LaunchScreen.storyboard;
			sourceTree = "<group>";
		};
/* End PBXVariantGroup section */

/* Begin XCBuildConfiguration section */
		84C09379243D677A0063DF73 /* Debug */ = {
			isa = XCBuildConfiguration;
			buildSettings = {
				ALWAYS_SEARCH_USER_PATHS = NO;
				CLANG_ANALYZER_NONNULL = YES;
				CLANG_ANALYZER_NUMBER_OBJECT_CONVERSION = YES_AGGRESSIVE;
				CLANG_CXX_LANGUAGE_STANDARD = "gnu++14";
				CLANG_CXX_LIBRARY = "libc++";
				CLANG_ENABLE_MODULES = YES;
				CLANG_ENABLE_OBJC_ARC = YES;
				CLANG_ENABLE_OBJC_WEAK = YES;
				CLANG_WARN_BLOCK_CAPTURE_AUTORELEASING = YES;
				CLANG_WARN_BOOL_CONVERSION = YES;
				CLANG_WARN_COMMA = YES;
				CLANG_WARN_CONSTANT_CONVERSION = YES;
				CLANG_WARN_DEPRECATED_OBJC_IMPLEMENTATIONS = YES;
				CLANG_WARN_DIRECT_OBJC_ISA_USAGE = YES_ERROR;
				CLANG_WARN_DOCUMENTATION_COMMENTS = YES;
				CLANG_WARN_EMPTY_BODY = YES;
				CLANG_WARN_ENUM_CONVERSION = YES;
				CLANG_WARN_INFINITE_RECURSION = YES;
				CLANG_WARN_INT_CONVERSION = YES;
				CLANG_WARN_NON_LITERAL_NULL_CONVERSION = YES;
				CLANG_WARN_OBJC_IMPLICIT_RETAIN_SELF = YES;
				CLANG_WARN_OBJC_LITERAL_CONVERSION = YES;
				CLANG_WARN_OBJC_ROOT_CLASS = YES_ERROR;
				CLANG_WARN_RANGE_LOOP_ANALYSIS = YES;
				CLANG_WARN_STRICT_PROTOTYPES = YES;
				CLANG_WARN_SUSPICIOUS_MOVE = YES;
				CLANG_WARN_UNGUARDED_AVAILABILITY = YES_AGGRESSIVE;
				CLANG_WARN_UNREACHABLE_CODE = YES;
				CLANG_WARN__DUPLICATE_METHOD_MATCH = YES;
				COPY_PHASE_STRIP = NO;
				DEBUG_INFORMATION_FORMAT = dwarf;
				ENABLE_STRICT_OBJC_MSGSEND = YES;
				ENABLE_TESTABILITY = YES;
				GCC_C_LANGUAGE_STANDARD = gnu11;
				GCC_DYNAMIC_NO_PIC = NO;
				GCC_NO_COMMON_BLOCKS = YES;
				GCC_OPTIMIZATION_LEVEL = 0;
				GCC_PREPROCESSOR_DEFINITIONS = (
					"DEBUG=1",
					"$(inherited)",
				);
				GCC_WARN_64_TO_32_BIT_CONVERSION = YES;
				GCC_WARN_ABOUT_RETURN_TYPE = YES_ERROR;
				GCC_WARN_UNDECLARED_SELECTOR = YES;
				GCC_WARN_UNINITIALIZED_AUTOS = YES_AGGRESSIVE;
				GCC_WARN_UNUSED_FUNCTION = YES;
				GCC_WARN_UNUSED_VARIABLE = YES;
				IPHONEOS_DEPLOYMENT_TARGET = 13.4;
				MTL_ENABLE_DEBUG_INFO = INCLUDE_SOURCE;
				MTL_FAST_MATH = YES;
				ONLY_ACTIVE_ARCH = YES;
				SDKROOT = iphoneos;
				SWIFT_ACTIVE_COMPILATION_CONDITIONS = DEBUG;
				SWIFT_OPTIMIZATION_LEVEL = "-Onone";
			};
			name = Debug;
		};
		84C0937A243D677A0063DF73 /* Release */ = {
			isa = XCBuildConfiguration;
			buildSettings = {
				ALWAYS_SEARCH_USER_PATHS = NO;
				CLANG_ANALYZER_NONNULL = YES;
				CLANG_ANALYZER_NUMBER_OBJECT_CONVERSION = YES_AGGRESSIVE;
				CLANG_CXX_LANGUAGE_STANDARD = "gnu++14";
				CLANG_CXX_LIBRARY = "libc++";
				CLANG_ENABLE_MODULES = YES;
				CLANG_ENABLE_OBJC_ARC = YES;
				CLANG_ENABLE_OBJC_WEAK = YES;
				CLANG_WARN_BLOCK_CAPTURE_AUTORELEASING = YES;
				CLANG_WARN_BOOL_CONVERSION = YES;
				CLANG_WARN_COMMA = YES;
				CLANG_WARN_CONSTANT_CONVERSION = YES;
				CLANG_WARN_DEPRECATED_OBJC_IMPLEMENTATIONS = YES;
				CLANG_WARN_DIRECT_OBJC_ISA_USAGE = YES_ERROR;
				CLANG_WARN_DOCUMENTATION_COMMENTS = YES;
				CLANG_WARN_EMPTY_BODY = YES;
				CLANG_WARN_ENUM_CONVERSION = YES;
				CLANG_WARN_INFINITE_RECURSION = YES;
				CLANG_WARN_INT_CONVERSION = YES;
				CLANG_WARN_NON_LITERAL_NULL_CONVERSION = YES;
				CLANG_WARN_OBJC_IMPLICIT_RETAIN_SELF = YES;
				CLANG_WARN_OBJC_LITERAL_CONVERSION = YES;
				CLANG_WARN_OBJC_ROOT_CLASS = YES_ERROR;
				CLANG_WARN_RANGE_LOOP_ANALYSIS = YES;
				CLANG_WARN_STRICT_PROTOTYPES = YES;
				CLANG_WARN_SUSPICIOUS_MOVE = YES;
				CLANG_WARN_UNGUARDED_AVAILABILITY = YES_AGGRESSIVE;
				CLANG_WARN_UNREACHABLE_CODE = YES;
				CLANG_WARN__DUPLICATE_METHOD_MATCH = YES;
				COPY_PHASE_STRIP = NO;
				DEBUG_INFORMATION_FORMAT = "dwarf-with-dsym";
				ENABLE_NS_ASSERTIONS = NO;
				ENABLE_STRICT_OBJC_MSGSEND = YES;
				GCC_C_LANGUAGE_STANDARD = gnu11;
				GCC_NO_COMMON_BLOCKS = YES;
				GCC_WARN_64_TO_32_BIT_CONVERSION = YES;
				GCC_WARN_ABOUT_RETURN_TYPE = YES_ERROR;
				GCC_WARN_UNDECLARED_SELECTOR = YES;
				GCC_WARN_UNINITIALIZED_AUTOS = YES_AGGRESSIVE;
				GCC_WARN_UNUSED_FUNCTION = YES;
				GCC_WARN_UNUSED_VARIABLE = YES;
				IPHONEOS_DEPLOYMENT_TARGET = 13.4;
				MTL_ENABLE_DEBUG_INFO = NO;
				MTL_FAST_MATH = YES;
				SDKROOT = iphoneos;
				SWIFT_COMPILATION_MODE = wholemodule;
				SWIFT_OPTIMIZATION_LEVEL = "-O";
				VALIDATE_PRODUCT = YES;
			};
			name = Release;
		};
		84C0937C243D677A0063DF73 /* Debug */ = {
			isa = XCBuildConfiguration;
			buildSettings = {
				ASSETCATALOG_COMPILER_APPICON_NAME = AppIcon;
				CODE_SIGN_STYLE = Automatic;
				DEVELOPMENT_TEAM = 3NBXKDMT65;
				INFOPLIST_FILE = "ViewCode-Sample/Info.plist";
				LD_RUNPATH_SEARCH_PATHS = (
					"$(inherited)",
					"@executable_path/Frameworks",
				);
				PRODUCT_BUNDLE_IDENTIFIER = "com.victoroka.ViewCode-Sample";
				PRODUCT_NAME = "$(TARGET_NAME)";
				SWIFT_VERSION = 5.0;
				TARGETED_DEVICE_FAMILY = "1,2";
			};
			name = Debug;
		};
		84C0937D243D677A0063DF73 /* Release */ = {
			isa = XCBuildConfiguration;
			buildSettings = {
				ASSETCATALOG_COMPILER_APPICON_NAME = AppIcon;
				CODE_SIGN_STYLE = Automatic;
				DEVELOPMENT_TEAM = 3NBXKDMT65;
				INFOPLIST_FILE = "ViewCode-Sample/Info.plist";
				LD_RUNPATH_SEARCH_PATHS = (
					"$(inherited)",
					"@executable_path/Frameworks",
				);
				PRODUCT_BUNDLE_IDENTIFIER = "com.victoroka.ViewCode-Sample";
				PRODUCT_NAME = "$(TARGET_NAME)";
				SWIFT_VERSION = 5.0;
				TARGETED_DEVICE_FAMILY = "1,2";
			};
			name = Release;
		};
/* End XCBuildConfiguration section */

/* Begin XCConfigurationList section */
		84C09362243D67790063DF73 /* Build configuration list for PBXProject "ViewCode-Sample" */ = {
			isa = XCConfigurationList;
			buildConfigurations = (
				84C09379243D677A0063DF73 /* Debug */,
				84C0937A243D677A0063DF73 /* Release */,
			);
			defaultConfigurationIsVisible = 0;
			defaultConfigurationName = Release;
		};
		84C0937B243D677A0063DF73 /* Build configuration list for PBXNativeTarget "ViewCode-Sample" */ = {
			isa = XCConfigurationList;
			buildConfigurations = (
				84C0937C243D677A0063DF73 /* Debug */,
				84C0937D243D677A0063DF73 /* Release */,
			);
			defaultConfigurationIsVisible = 0;
			defaultConfigurationName = Release;
		};
/* End XCConfigurationList section */
	};
	rootObject = 84C0935F243D67790063DF73 /* Project object */;
}
